
Microsoft Visual Studio Solution File, Format Version 11.00
# Visual Studio 2010
Project("{FAE04EC0-301F-11D3-BF4B-00C04F79EFBC}") = "Assembly-CSharp", "Assembly-CSharp.csproj", "{3038ad56-ca31-0c86-3157-8386113d9c4e}"
EndProject
Project("{FAE04EC0-301F-11D3-BF4B-00C04F79EFBC}") = "Ink-Libraries", "Ink-Libraries.csproj", "{14f5ef4b-7de1-9db9-1e6a-85288e4e36f6}"
EndProject
Project("{FAE04EC0-301F-11D3-BF4B-00C04F79EFBC}") = "Unity.InputSystem.RebindingUI", "Unity.InputSystem.RebindingUI.csproj", "{62cf59b5-ca3d-df76-5b13-7bf40d59e20a}"
EndProject
Project("{FAE04EC0-301F-11D3-BF4B-00C04F79EFBC}") = "Unity.InputSystem.Recorder", "Unity.InputSystem.Recorder.csproj", "{0d049b11-3a76-d8a2-fbce-04aa1c7491a7}"
EndProject
Project("{FAE04EC0-301F-11D3-BF4B-00C04F79EFBC}") = "Unity.InputSystem.InGameHints", "Unity.InputSystem.InGameHints.csproj", "{88e7d2b3-5f05-5c77-77b0-4e6738c3dd44}"
EndProject
Project("{FAE04EC0-301F-11D3-BF4B-00C04F79EFBC}") = "Assembly-CSharp-Editor", "Assembly-CSharp-Editor.csproj", "{4bef42f2-cddd-4293-615c-e75b997e56f9}"
EndProject
Global
	GlobalSection(SolutionConfigurationPlatforms) = preSolution
		Debug|Any CPU = Debug|Any CPU
	EndGlobalSection
	GlobalSection(ProjectConfigurationPlatforms) = postSolution
		{3038ad56-ca31-0c86-3157-8386113d9c4e}.Debug|Any CPU.ActiveCfg = Debug|Any CPU
		{3038ad56-ca31-0c86-3157-8386113d9c4e}.Debug|Any CPU.Build.0 = Debug|Any CPU
		{14f5ef4b-7de1-9db9-1e6a-85288e4e36f6}.Debug|Any CPU.ActiveCfg = Debug|Any CPU
		{14f5ef4b-7de1-9db9-1e6a-85288e4e36f6}.Debug|Any CPU.Build.0 = Debug|Any CPU
		{62cf59b5-ca3d-df76-5b13-7bf40d59e20a}.Debug|Any CPU.ActiveCfg = Debug|Any CPU
		{62cf59b5-ca3d-df76-5b13-7bf40d59e20a}.Debug|Any CPU.Build.0 = Debug|Any CPU
		{0d049b11-3a76-d8a2-fbce-04aa1c7491a7}.Debug|Any CPU.ActiveCfg = Debug|Any CPU
		{0d049b11-3a76-d8a2-fbce-04aa1c7491a7}.Debug|Any CPU.Build.0 = Debug|Any CPU
		{88e7d2b3-5f05-5c77-77b0-4e6738c3dd44}.Debug|Any CPU.ActiveCfg = Debug|Any CPU
		{88e7d2b3-5f05-5c77-77b0-4e6738c3dd44}.Debug|Any CPU.Build.0 = Debug|Any CPU
		{4bef42f2-cddd-4293-615c-e75b997e56f9}.Debug|Any CPU.ActiveCfg = Debug|Any CPU
		{4bef42f2-cddd-4293-615c-e75b997e56f9}.Debug|Any CPU.Build.0 = Debug|Any CPU
	EndGlobalSection
	GlobalSection(SolutionProperties) = preSolution
		HideSolutionNode = FALSE
	EndGlobalSection
EndGlobal
